
Microsoft Visual Studio Solution File, Format Version 12.00
# Visual Studio 15
VisualStudioVersion = 15.0.27703.2047
MinimumVisualStudioVersion = 10.0.40219.1
Project("{FAE04EC0-301F-11D3-BF4B-00C04F79EFBC}") = "GROUP3-Assig1", "BeerStore\GROUP3-Assig1.csproj", "{EA9EA4A2-BF88-4F1F-98FB-F9259A171702}"
EndProject
Global
	GlobalSection(SolutionConfigurationPlatforms) = preSolution
		Debug|Any CPU = Debug|Any CPU
		Release|Any CPU = Release|Any CPU
	EndGlobalSection
	GlobalSection(ProjectConfigurationPlatforms) = postSolution
		{EA9EA4A2-BF88-4F1F-98FB-F9259A171702}.Debug|Any CPU.ActiveCfg = Debug|Any CPU
		{EA9EA4A2-BF88-4F1F-98FB-F9259A171702}.Debug|Any CPU.Build.0 = Debug|Any CPU
		{EA9EA4A2-BF88-4F1F-98FB-F9259A171702}.Release|Any CPU.ActiveCfg = Release|Any CPU
		{EA9EA4A2-BF88-4F1F-98FB-F9259A171702}.Release|Any CPU.Build.0 = Release|Any CPU
	EndGlobalSection
	GlobalSection(SolutionProperties) = preSolution
		HideSolutionNode = FALSE
	EndGlobalSection
	GlobalSection(ExtensibilityGlobals) = postSolution
		SolutionGuid = {70150549-1F10-4603-822E-23B83E2F443D}
	EndGlobalSection
EndGlobal
